
Microsoft Visual Studio Solution File, Format Version 12.00
# Visual Studio Version 17
VisualStudioVersion = 17.5.002.0
MinimumVisualStudioVersion = 10.0.40219.1
Project("{9A19103F-16F7-4668-BE54-9A1E7A4F7556}") = "app", "app.csproj", "{CD5BF365-4C2F-4EEB-8E98-E969CD501254}"
EndProject
Global
	GlobalSection(SolutionConfigurationPlatforms) = preSolution
		Debug|Any CPU = Debug|Any CPU
		Release|Any CPU = Release|Any CPU
	EndGlobalSection
	GlobalSection(ProjectConfigurationPlatforms) = postSolution
		{CD5BF365-4C2F-4EEB-8E98-E969CD501254}.Debug|Any CPU.ActiveCfg = Debug|Any CPU
		{CD5BF365-4C2F-4EEB-8E98-E969CD501254}.Debug|Any CPU.Build.0 = Debug|Any CPU
		{CD5BF365-4C2F-4EEB-8E98-E969CD501254}.Release|Any CPU.ActiveCfg = Release|Any CPU
		{CD5BF365-4C2F-4EEB-8E98-E969CD501254}.Release|Any CPU.Build.0 = Release|Any CPU
	EndGlobalSection
	GlobalSection(SolutionProperties) = preSolution
		HideSolutionNode = FALSE
	EndGlobalSection
	GlobalSection(ExtensibilityGlobals) = postSolution
		SolutionGuid = {B759073F-4756-4420-BDA2-2BE24D3BD119}
	EndGlobalSection
EndGlobal
